// !$*UTF8*$!
{
	archiveVersion = 1;
	classes = {
	};
	objectVersion = 50;
	objects = {

/* Begin PBXBuildFile section */
		710C24C526AACEF0005EDFD0 /* StarWarsCollectionViewCell.swift in Sources */ = {isa = PBXBuildFile; fileRef = 710C24C326AACEF0005EDFD0 /* StarWarsCollectionViewCell.swift */; };
		7110E7F5269C79CC00D28F98 /* Constants.swift in Sources */ = {isa = PBXBuildFile; fileRef = 7110E7F4269C79CC00D28F98 /* Constants.swift */; };
		7116B9C22685D3070090CC74 /* AppDelegate.swift in Sources */ = {isa = PBXBuildFile; fileRef = 7116B9C12685D3070090CC74 /* AppDelegate.swift */; };
		7116B9C42685D3070090CC74 /* SceneDelegate.swift in Sources */ = {isa = PBXBuildFile; fileRef = 7116B9C32685D3070090CC74 /* SceneDelegate.swift */; };
		7116B9C92685D3070090CC74 /* Main.storyboard in Resources */ = {isa = PBXBuildFile; fileRef = 7116B9C72685D3070090CC74 /* Main.storyboard */; };
		7116B9CB2685D3080090CC74 /* Assets.xcassets in Resources */ = {isa = PBXBuildFile; fileRef = 7116B9CA2685D3080090CC74 /* Assets.xcassets */; };
		7116B9CE2685D3080090CC74 /* LaunchScreen.storyboard in Resources */ = {isa = PBXBuildFile; fileRef = 7116B9CC2685D3080090CC74 /* LaunchScreen.storyboard */; };
		7116B9D62685D72E0090CC74 /* NetworkManager.swift in Sources */ = {isa = PBXBuildFile; fileRef = 7116B9D52685D72E0090CC74 /* NetworkManager.swift */; };
		7116B9D82685D74B0090CC74 /* CatModel.swift in Sources */ = {isa = PBXBuildFile; fileRef = 7116B9D72685D74B0090CC74 /* CatModel.swift */; };
		7116BA35268774C70090CC74 /* CollectionTableViewCell.swift in Sources */ = {isa = PBXBuildFile; fileRef = 7116BA33268774C70090CC74 /* CollectionTableViewCell.swift */; };
		7116BA36268774C70090CC74 /* CollectionTableViewCell.xib in Resources */ = {isa = PBXBuildFile; fileRef = 7116BA34268774C70090CC74 /* CollectionTableViewCell.xib */; };
		7116BA3B26877B0B0090CC74 /* MyCollectionViewCell.swift in Sources */ = {isa = PBXBuildFile; fileRef = 7116BA3926877B0B0090CC74 /* MyCollectionViewCell.swift */; };
		7116BA3C26877B0B0090CC74 /* MyCollectionViewCell.xib in Resources */ = {isa = PBXBuildFile; fileRef = 7116BA3A26877B0B0090CC74 /* MyCollectionViewCell.xib */; };
		7116BA3E2687887D0090CC74 /* CatsTableViewController.swift in Sources */ = {isa = PBXBuildFile; fileRef = 7116BA3D2687887D0090CC74 /* CatsTableViewController.swift */; };
		712572B326A8943200F62CE6 /* CoreDataModel.xcdatamodeld in Sources */ = {isa = PBXBuildFile; fileRef = 712572B126A8943200F62CE6 /* CoreDataModel.xcdatamodeld */; };
		712572D726A8C68E00F62CE6 /* StarWarsCoreData+CoreDataClass.swift in Sources */ = {isa = PBXBuildFile; fileRef = 712572D526A8C68E00F62CE6 /* StarWarsCoreData+CoreDataClass.swift */; };
		712572D826A8C68E00F62CE6 /* StarWarsCoreData+CoreDataProperties.swift in Sources */ = {isa = PBXBuildFile; fileRef = 712572D626A8C68E00F62CE6 /* StarWarsCoreData+CoreDataProperties.swift */; };
		71373B3E2698947300C47182 /* DescriptionStarWarsItemVC.swift in Sources */ = {isa = PBXBuildFile; fileRef = 71373B3D2698947300C47182 /* DescriptionStarWarsItemVC.swift */; };
		71373B422698B24100C47182 /* StarWarsPeopleModel.swift in Sources */ = {isa = PBXBuildFile; fileRef = 71373B412698B24100C47182 /* StarWarsPeopleModel.swift */; };
		71373B462698B51C00C47182 /* LoadingIndicator.swift in Sources */ = {isa = PBXBuildFile; fileRef = 71373B452698B51C00C47182 /* LoadingIndicator.swift */; };
		71A6FDE22689EEAE001094FB /* SimpleTableViewCell.swift in Sources */ = {isa = PBXBuildFile; fileRef = 71A6FDE02689EEAE001094FB /* SimpleTableViewCell.swift */; };
		71A6FDE32689EEAE001094FB /* SimpleTableViewCell.xib in Resources */ = {isa = PBXBuildFile; fileRef = 71A6FDE12689EEAE001094FB /* SimpleTableViewCell.xib */; };
		71A6FDE72689FB20001094FB /* SquareTableViewCell.swift in Sources */ = {isa = PBXBuildFile; fileRef = 71A6FDE52689FB20001094FB /* SquareTableViewCell.swift */; };
		71A6FDE82689FB20001094FB /* SquareTableViewCell.xib in Resources */ = {isa = PBXBuildFile; fileRef = 71A6FDE62689FB20001094FB /* SquareTableViewCell.xib */; };
		71A6FDEC268A09E0001094FB /* SquareCollectionViewCell.swift in Sources */ = {isa = PBXBuildFile; fileRef = 71A6FDEA268A09E0001094FB /* SquareCollectionViewCell.swift */; };
		71A6FDED268A09E0001094FB /* SquareCollectionViewCell.xib in Resources */ = {isa = PBXBuildFile; fileRef = 71A6FDEB268A09E0001094FB /* SquareCollectionViewCell.xib */; };
		71B9607E268DABBD007C2ABA /* ImageModel.swift in Sources */ = {isa = PBXBuildFile; fileRef = 71B9607D268DABBD007C2ABA /* ImageModel.swift */; };
		71D5BA5326A98E8300C573BB /* OfflineStarWarsVC.swift in Sources */ = {isa = PBXBuildFile; fileRef = 71D5BA5226A98E8300C573BB /* OfflineStarWarsVC.swift */; };
		71E3AC8626A5F86A00692026 /* LastSearchesTVC.swift in Sources */ = {isa = PBXBuildFile; fileRef = 71E3AC8526A5F86A00692026 /* LastSearchesTVC.swift */; };
		71E3AC8826A6025700692026 /* DataManager.swift in Sources */ = {isa = PBXBuildFile; fileRef = 71E3AC8726A6025700692026 /* DataManager.swift */; };
		71E9C45C26959A23007E6B2E /* StarWarsModel.swift in Sources */ = {isa = PBXBuildFile; fileRef = 71E9C45B26959A23007E6B2E /* StarWarsModel.swift */; };
		71F4EF502695A97D00C9D304 /* StarWarsListVC.swift in Sources */ = {isa = PBXBuildFile; fileRef = 71F4EF4F2695A97D00C9D304 /* StarWarsListVC.swift */; };
		B5BA4C621278AAB564A06B49 /* Pods_Cats.framework in Frameworks */ = {isa = PBXBuildFile; fileRef = 8871FD3DA33376C2B0BF63E8 /* Pods_Cats.framework */; };
/* End PBXBuildFile section */

/* Begin PBXFileReference section */
		710C24C326AACEF0005EDFD0 /* StarWarsCollectionViewCell.swift */ = {isa = PBXFileReference; lastKnownFileType = sourcecode.swift; path = StarWarsCollectionViewCell.swift; sourceTree = "<group>"; };
		7110E7F4269C79CC00D28F98 /* Constants.swift */ = {isa = PBXFileReference; lastKnownFileType = sourcecode.swift; path = Constants.swift; sourceTree = "<group>"; };
		7116B9BE2685D3070090CC74 /* Cats.app */ = {isa = PBXFileReference; explicitFileType = wrapper.application; includeInIndex = 0; path = Cats.app; sourceTree = BUILT_PRODUCTS_DIR; };
		7116B9C12685D3070090CC74 /* AppDelegate.swift */ = {isa = PBXFileReference; lastKnownFileType = sourcecode.swift; path = AppDelegate.swift; sourceTree = "<group>"; };
		7116B9C32685D3070090CC74 /* SceneDelegate.swift */ = {isa = PBXFileReference; lastKnownFileType = sourcecode.swift; path = SceneDelegate.swift; sourceTree = "<group>"; };
		7116B9C82685D3070090CC74 /* Base */ = {isa = PBXFileReference; lastKnownFileType = file.storyboard; name = Base; path = Base.lproj/Main.storyboard; sourceTree = "<group>"; };
		7116B9CA2685D3080090CC74 /* Assets.xcassets */ = {isa = PBXFileReference; lastKnownFileType = folder.assetcatalog; path = Assets.xcassets; sourceTree = "<group>"; };
		7116B9CD2685D3080090CC74 /* Base */ = {isa = PBXFileReference; lastKnownFileType = file.storyboard; name = Base; path = Base.lproj/LaunchScreen.storyboard; sourceTree = "<group>"; };
		7116B9CF2685D3080090CC74 /* Info.plist */ = {isa = PBXFileReference; lastKnownFileType = text.plist.xml; path = Info.plist; sourceTree = "<group>"; };
		7116B9D52685D72E0090CC74 /* NetworkManager.swift */ = {isa = PBXFileReference; lastKnownFileType = sourcecode.swift; path = NetworkManager.swift; sourceTree = "<group>"; };
		7116B9D72685D74B0090CC74 /* CatModel.swift */ = {isa = PBXFileReference; lastKnownFileType = sourcecode.swift; path = CatModel.swift; sourceTree = "<group>"; };
		7116BA33268774C70090CC74 /* CollectionTableViewCell.swift */ = {isa = PBXFileReference; lastKnownFileType = sourcecode.swift; path = CollectionTableViewCell.swift; sourceTree = "<group>"; };
		7116BA34268774C70090CC74 /* CollectionTableViewCell.xib */ = {isa = PBXFileReference; lastKnownFileType = file.xib; path = CollectionTableViewCell.xib; sourceTree = "<group>"; };
		7116BA3926877B0B0090CC74 /* MyCollectionViewCell.swift */ = {isa = PBXFileReference; lastKnownFileType = sourcecode.swift; path = MyCollectionViewCell.swift; sourceTree = "<group>"; };
		7116BA3A26877B0B0090CC74 /* MyCollectionViewCell.xib */ = {isa = PBXFileReference; lastKnownFileType = file.xib; path = MyCollectionViewCell.xib; sourceTree = "<group>"; };
		7116BA3D2687887D0090CC74 /* CatsTableViewController.swift */ = {isa = PBXFileReference; lastKnownFileType = sourcecode.swift; path = CatsTableViewController.swift; sourceTree = "<group>"; };
		712572B226A8943200F62CE6 /* CoreDataModel.xcdatamodel */ = {isa = PBXFileReference; lastKnownFileType = wrapper.xcdatamodel; path = CoreDataModel.xcdatamodel; sourceTree = "<group>"; };
		712572D526A8C68E00F62CE6 /* StarWarsCoreData+CoreDataClass.swift */ = {isa = PBXFileReference; lastKnownFileType = sourcecode.swift; path = "StarWarsCoreData+CoreDataClass.swift"; sourceTree = SOURCE_ROOT; };
		712572D626A8C68E00F62CE6 /* StarWarsCoreData+CoreDataProperties.swift */ = {isa = PBXFileReference; lastKnownFileType = sourcecode.swift; path = "StarWarsCoreData+CoreDataProperties.swift"; sourceTree = SOURCE_ROOT; };
		71373B3D2698947300C47182 /* DescriptionStarWarsItemVC.swift */ = {isa = PBXFileReference; lastKnownFileType = sourcecode.swift; path = DescriptionStarWarsItemVC.swift; sourceTree = "<group>"; };
		71373B412698B24100C47182 /* StarWarsPeopleModel.swift */ = {isa = PBXFileReference; lastKnownFileType = sourcecode.swift; path = StarWarsPeopleModel.swift; sourceTree = "<group>"; };
		71373B452698B51C00C47182 /* LoadingIndicator.swift */ = {isa = PBXFileReference; lastKnownFileType = sourcecode.swift; path = LoadingIndicator.swift; sourceTree = "<group>"; };
		71A6FDE02689EEAE001094FB /* SimpleTableViewCell.swift */ = {isa = PBXFileReference; lastKnownFileType = sourcecode.swift; path = SimpleTableViewCell.swift; sourceTree = "<group>"; };
		71A6FDE12689EEAE001094FB /* SimpleTableViewCell.xib */ = {isa = PBXFileReference; lastKnownFileType = file.xib; path = SimpleTableViewCell.xib; sourceTree = "<group>"; };
		71A6FDE52689FB20001094FB /* SquareTableViewCell.swift */ = {isa = PBXFileReference; lastKnownFileType = sourcecode.swift; path = SquareTableViewCell.swift; sourceTree = "<group>"; };
		71A6FDE62689FB20001094FB /* SquareTableViewCell.xib */ = {isa = PBXFileReference; lastKnownFileType = file.xib; path = SquareTableViewCell.xib; sourceTree = "<group>"; };
		71A6FDEA268A09E0001094FB /* SquareCollectionViewCell.swift */ = {isa = PBXFileReference; lastKnownFileType = sourcecode.swift; path = SquareCollectionViewCell.swift; sourceTree = "<group>"; };
		71A6FDEB268A09E0001094FB /* SquareCollectionViewCell.xib */ = {isa = PBXFileReference; lastKnownFileType = file.xib; path = SquareCollectionViewCell.xib; sourceTree = "<group>"; };
		71B9607D268DABBD007C2ABA /* ImageModel.swift */ = {isa = PBXFileReference; lastKnownFileType = sourcecode.swift; path = ImageModel.swift; sourceTree = "<group>"; };
		71D5BA5226A98E8300C573BB /* OfflineStarWarsVC.swift */ = {isa = PBXFileReference; lastKnownFileType = sourcecode.swift; name = OfflineStarWarsVC.swift; path = Cats/OfflineStarWarsVC.swift; sourceTree = SOURCE_ROOT; };
		71E3AC8526A5F86A00692026 /* LastSearchesTVC.swift */ = {isa = PBXFileReference; lastKnownFileType = sourcecode.swift; path = LastSearchesTVC.swift; sourceTree = "<group>"; };
		71E3AC8726A6025700692026 /* DataManager.swift */ = {isa = PBXFileReference; lastKnownFileType = sourcecode.swift; path = DataManager.swift; sourceTree = "<group>"; };
		71E9C45B26959A23007E6B2E /* StarWarsModel.swift */ = {isa = PBXFileReference; lastKnownFileType = sourcecode.swift; path = StarWarsModel.swift; sourceTree = "<group>"; };
		71F4EF4F2695A97D00C9D304 /* StarWarsListVC.swift */ = {isa = PBXFileReference; lastKnownFileType = sourcecode.swift; path = StarWarsListVC.swift; sourceTree = "<group>"; };
		8871FD3DA33376C2B0BF63E8 /* Pods_Cats.framework */ = {isa = PBXFileReference; explicitFileType = wrapper.framework; includeInIndex = 0; path = Pods_Cats.framework; sourceTree = BUILT_PRODUCTS_DIR; };
		8D77201BB89A2642273675B3 /* Pods-Cats.release.xcconfig */ = {isa = PBXFileReference; includeInIndex = 1; lastKnownFileType = text.xcconfig; name = "Pods-Cats.release.xcconfig"; path = "Target Support Files/Pods-Cats/Pods-Cats.release.xcconfig"; sourceTree = "<group>"; };
		C93EE7F36D516143A77ADE44 /* Pods-Cats.debug.xcconfig */ = {isa = PBXFileReference; includeInIndex = 1; lastKnownFileType = text.xcconfig; name = "Pods-Cats.debug.xcconfig"; path = "Target Support Files/Pods-Cats/Pods-Cats.debug.xcconfig"; sourceTree = "<group>"; };
/* End PBXFileReference section */

/* Begin PBXFrameworksBuildPhase section */
		7116B9BB2685D3070090CC74 /* Frameworks */ = {
			isa = PBXFrameworksBuildPhase;
			buildActionMask = 2147483647;
			files = (
				B5BA4C621278AAB564A06B49 /* Pods_Cats.framework in Frameworks */,
			);
			runOnlyForDeploymentPostprocessing = 0;
		};
/* End PBXFrameworksBuildPhase section */

/* Begin PBXGroup section */
		6AD64F3FA839D55541FB4AB8 /* Pods */ = {
			isa = PBXGroup;
			children = (
				C93EE7F36D516143A77ADE44 /* Pods-Cats.debug.xcconfig */,
				8D77201BB89A2642273675B3 /* Pods-Cats.release.xcconfig */,
			);
			path = Pods;
			sourceTree = "<group>";
		};
		710C24C726AACEF9005EDFD0 /* StarWarsCVC */ = {
			isa = PBXGroup;
			children = (
				710C24C326AACEF0005EDFD0 /* StarWarsCollectionViewCell.swift */,
			);
			path = StarWarsCVC;
			sourceTree = "<group>";
		};
		7116B9B52685D3070090CC74 = {
			isa = PBXGroup;
			children = (
				7116B9C02685D3070090CC74 /* Cats */,
				7116B9BF2685D3070090CC74 /* Products */,
				6AD64F3FA839D55541FB4AB8 /* Pods */,
				EF6AEA22CB8125614E80A9F0 /* Frameworks */,
			);
			sourceTree = "<group>";
		};
		7116B9BF2685D3070090CC74 /* Products */ = {
			isa = PBXGroup;
			children = (
				7116B9BE2685D3070090CC74 /* Cats.app */,
			);
			name = Products;
			sourceTree = "<group>";
		};
		7116B9C02685D3070090CC74 /* Cats */ = {
			isa = PBXGroup;
			children = (
				712572CE26A8A6EF00F62CE6 /* StarWarsCoreData */,
				71A6FDE42689FAF7001094FB /* Square Table Cell */,
				71A6FDDF2689EE79001094FB /* Simple Table Cell */,
				71373B402698B1C800C47182 /* Supporting */,
				7116B9C72685D3070090CC74 /* Main.storyboard */,
				71373B452698B51C00C47182 /* LoadingIndicator.swift */,
				71373B442698B27500C47182 /* ViewControllers */,
				7116BA37268774D30090CC74 /* Horizontal Scroll Table Cell */,
				7116B9D52685D72E0090CC74 /* NetworkManager.swift */,
				71E3AC8726A6025700692026 /* DataManager.swift */,
				71373B432698B25D00C47182 /* Models */,
				7116B9CA2685D3080090CC74 /* Assets.xcassets */,
				712572B126A8943200F62CE6 /* CoreDataModel.xcdatamodeld */,
				7116B9CF2685D3080090CC74 /* Info.plist */,
				7116B9CC2685D3080090CC74 /* LaunchScreen.storyboard */,
				710C24C726AACEF9005EDFD0 /* StarWarsCVC */,
			);
			path = Cats;
			sourceTree = "<group>";
		};
		7116BA37268774D30090CC74 /* Horizontal Scroll Table Cell */ = {
			isa = PBXGroup;
			children = (
				7116BA33268774C70090CC74 /* CollectionTableViewCell.swift */,
				7116BA34268774C70090CC74 /* CollectionTableViewCell.xib */,
				7116BA3826877AEB0090CC74 /* Collection Cell */,
			);
			path = "Horizontal Scroll Table Cell";
			sourceTree = "<group>";
		};
		7116BA3826877AEB0090CC74 /* Collection Cell */ = {
			isa = PBXGroup;
			children = (
				7116BA3926877B0B0090CC74 /* MyCollectionViewCell.swift */,
				7116BA3A26877B0B0090CC74 /* MyCollectionViewCell.xib */,
			);
			path = "Collection Cell";
			sourceTree = "<group>";
		};
		712572CE26A8A6EF00F62CE6 /* StarWarsCoreData */ = {
			isa = PBXGroup;
			children = (
				712572D526A8C68E00F62CE6 /* StarWarsCoreData+CoreDataClass.swift */,
				712572D626A8C68E00F62CE6 /* StarWarsCoreData+CoreDataProperties.swift */,
			);
			path = StarWarsCoreData;
			sourceTree = "<group>";
		};
		71373B402698B1C800C47182 /* Supporting */ = {
			isa = PBXGroup;
			children = (
				7116B9C12685D3070090CC74 /* AppDelegate.swift */,
				7116B9C32685D3070090CC74 /* SceneDelegate.swift */,
			);
			path = Supporting;
			sourceTree = "<group>";
		};
		71373B432698B25D00C47182 /* Models */ = {
			isa = PBXGroup;
			children = (
				71E9C45B26959A23007E6B2E /* StarWarsModel.swift */,
				71373B412698B24100C47182 /* StarWarsPeopleModel.swift */,
				7116B9D72685D74B0090CC74 /* CatModel.swift */,
				71B9607D268DABBD007C2ABA /* ImageModel.swift */,
			);
			path = Models;
			sourceTree = "<group>";
		};
		71373B442698B27500C47182 /* ViewControllers */ = {
			isa = PBXGroup;
			children = (
				71D5BA5226A98E8300C573BB /* OfflineStarWarsVC.swift */,
				71E3AC8526A5F86A00692026 /* LastSearchesTVC.swift */,
				71373B3D2698947300C47182 /* DescriptionStarWarsItemVC.swift */,
				71F4EF4F2695A97D00C9D304 /* StarWarsListVC.swift */,
				7116BA3D2687887D0090CC74 /* CatsTableViewController.swift */,
				7110E7F4269C79CC00D28F98 /* Constants.swift */,
			);
			path = ViewControllers;
			sourceTree = "<group>";
		};
		71A6FDDF2689EE79001094FB /* Simple Table Cell */ = {
			isa = PBXGroup;
			children = (
				71A6FDE02689EEAE001094FB /* SimpleTableViewCell.swift */,
				71A6FDE12689EEAE001094FB /* SimpleTableViewCell.xib */,
			);
			path = "Simple Table Cell";
			sourceTree = "<group>";
		};
		71A6FDE42689FAF7001094FB /* Square Table Cell */ = {
			isa = PBXGroup;
			children = (
				71A6FDE52689FB20001094FB /* SquareTableViewCell.swift */,
				71A6FDE62689FB20001094FB /* SquareTableViewCell.xib */,
				71A6FDE9268A0388001094FB /* SquareCollectionCell */,
			);
			path = "Square Table Cell";
			sourceTree = "<group>";
		};
		71A6FDE9268A0388001094FB /* SquareCollectionCell */ = {
			isa = PBXGroup;
			children = (
				71A6FDEA268A09E0001094FB /* SquareCollectionViewCell.swift */,
				71A6FDEB268A09E0001094FB /* SquareCollectionViewCell.xib */,
			);
			path = SquareCollectionCell;
			sourceTree = "<group>";
		};
		EF6AEA22CB8125614E80A9F0 /* Frameworks */ = {
			isa = PBXGroup;
			children = (
				8871FD3DA33376C2B0BF63E8 /* Pods_Cats.framework */,
			);
			name = Frameworks;
			sourceTree = "<group>";
		};
/* End PBXGroup section */

/* Begin PBXNativeTarget section */
		7116B9BD2685D3070090CC74 /* Cats */ = {
			isa = PBXNativeTarget;
			buildConfigurationList = 7116B9D22685D3080090CC74 /* Build configuration list for PBXNativeTarget "Cats" */;
			buildPhases = (
				B98216F8B4EADAA852E4827A /* [CP] Check Pods Manifest.lock */,
				7150E62526A7240D00FFED56 /* Run SwiftLint */,
				7116B9BA2685D3070090CC74 /* Sources */,
				7116B9BB2685D3070090CC74 /* Frameworks */,
				7116B9BC2685D3070090CC74 /* Resources */,
			);
			buildRules = (
			);
			dependencies = (
			);
			name = Cats;
			productName = Cats;
			productReference = 7116B9BE2685D3070090CC74 /* Cats.app */;
			productType = "com.apple.product-type.application";
		};
/* End PBXNativeTarget section */

/* Begin PBXProject section */
		7116B9B62685D3070090CC74 /* Project object */ = {
			isa = PBXProject;
			attributes = {
				LastSwiftUpdateCheck = 1250;
				LastUpgradeCheck = 1250;
				TargetAttributes = {
					7116B9BD2685D3070090CC74 = {
						CreatedOnToolsVersion = 12.5;
					};
				};
			};
			buildConfigurationList = 7116B9B92685D3070090CC74 /* Build configuration list for PBXProject "Cats" */;
			compatibilityVersion = "Xcode 9.3";
			developmentRegion = en;
			hasScannedForEncodings = 0;
			knownRegions = (
				en,
				Base,
			);
			mainGroup = 7116B9B52685D3070090CC74;
			productRefGroup = 7116B9BF2685D3070090CC74 /* Products */;
			projectDirPath = "";
			projectRoot = "";
			targets = (
				7116B9BD2685D3070090CC74 /* Cats */,
			);
		};
/* End PBXProject section */

/* Begin PBXResourcesBuildPhase section */
		7116B9BC2685D3070090CC74 /* Resources */ = {
			isa = PBXResourcesBuildPhase;
			buildActionMask = 2147483647;
			files = (
				7116BA3C26877B0B0090CC74 /* MyCollectionViewCell.xib in Resources */,
				7116B9CE2685D3080090CC74 /* LaunchScreen.storyboard in Resources */,
				7116B9CB2685D3080090CC74 /* Assets.xcassets in Resources */,
				71A6FDE82689FB20001094FB /* SquareTableViewCell.xib in Resources */,
				7116B9C92685D3070090CC74 /* Main.storyboard in Resources */,
				71A6FDED268A09E0001094FB /* SquareCollectionViewCell.xib in Resources */,
				7116BA36268774C70090CC74 /* CollectionTableViewCell.xib in Resources */,
				71A6FDE32689EEAE001094FB /* SimpleTableViewCell.xib in Resources */,
			);
			runOnlyForDeploymentPostprocessing = 0;
		};
/* End PBXResourcesBuildPhase section */

/* Begin PBXShellScriptBuildPhase section */
		7150E62526A7240D00FFED56 /* Run SwiftLint */ = {
			isa = PBXShellScriptBuildPhase;
			buildActionMask = 2147483647;
			files = (
			);
			inputFileListPaths = (
			);
			inputPaths = (
			);
			name = "Run SwiftLint";
			outputFileListPaths = (
			);
			outputPaths = (
			);
			runOnlyForDeploymentPostprocessing = 0;
			shellPath = /bin/sh;
			shellScript = "if which swiftlint >/dev/null; then\n  swiftlint\nelse\n  echo \"warning: SwiftLint not installed, download from https://github.com/realm/SwiftLint\"\nfi\n";
		};
		B98216F8B4EADAA852E4827A /* [CP] Check Pods Manifest.lock */ = {
			isa = PBXShellScriptBuildPhase;
			buildActionMask = 2147483647;
			files = (
			);
			inputFileListPaths = (
			);
			inputPaths = (
				"${PODS_PODFILE_DIR_PATH}/Podfile.lock",
				"${PODS_ROOT}/Manifest.lock",
			);
			name = "[CP] Check Pods Manifest.lock";
			outputFileListPaths = (
			);
			outputPaths = (
				"$(DERIVED_FILE_DIR)/Pods-Cats-checkManifestLockResult.txt",
			);
			runOnlyForDeploymentPostprocessing = 0;
			shellPath = /bin/sh;
			shellScript = "diff \"${PODS_PODFILE_DIR_PATH}/Podfile.lock\" \"${PODS_ROOT}/Manifest.lock\" > /dev/null\nif [ $? != 0 ] ; then\n    # print error to STDERR\n    echo \"error: The sandbox is not in sync with the Podfile.lock. Run 'pod install' or update your CocoaPods installation.\" >&2\n    exit 1\nfi\n# This output is used by Xcode 'outputs' to avoid re-running this script phase.\necho \"SUCCESS\" > \"${SCRIPT_OUTPUT_FILE_0}\"\n";
			showEnvVarsInLog = 0;
		};
/* End PBXShellScriptBuildPhase section */

/* Begin PBXSourcesBuildPhase section */
		7116B9BA2685D3070090CC74 /* Sources */ = {
			isa = PBXSourcesBuildPhase;
			buildActionMask = 2147483647;
			files = (
				71B9607E268DABBD007C2ABA /* ImageModel.swift in Sources */,
				712572D826A8C68E00F62CE6 /* StarWarsCoreData+CoreDataProperties.swift in Sources */,
				7110E7F5269C79CC00D28F98 /* Constants.swift in Sources */,
				7116BA3E2687887D0090CC74 /* CatsTableViewController.swift in Sources */,
				7116B9D62685D72E0090CC74 /* NetworkManager.swift in Sources */,
				7116BA3B26877B0B0090CC74 /* MyCollectionViewCell.swift in Sources */,
				71F4EF502695A97D00C9D304 /* StarWarsListVC.swift in Sources */,
				710C24C526AACEF0005EDFD0 /* StarWarsCollectionViewCell.swift in Sources */,
				7116BA35268774C70090CC74 /* CollectionTableViewCell.swift in Sources */,
				7116B9C22685D3070090CC74 /* AppDelegate.swift in Sources */,
				71373B422698B24100C47182 /* StarWarsPeopleModel.swift in Sources */,
				71373B3E2698947300C47182 /* DescriptionStarWarsItemVC.swift in Sources */,
				7116B9D82685D74B0090CC74 /* CatModel.swift in Sources */,
				71E3AC8626A5F86A00692026 /* LastSearchesTVC.swift in Sources */,
				71A6FDE22689EEAE001094FB /* SimpleTableViewCell.swift in Sources */,
				712572D726A8C68E00F62CE6 /* StarWarsCoreData+CoreDataClass.swift in Sources */,
				71A6FDE72689FB20001094FB /* SquareTableViewCell.swift in Sources */,
				712572B326A8943200F62CE6 /* CoreDataModel.xcdatamodeld in Sources */,
				71E3AC8826A6025700692026 /* DataManager.swift in Sources */,
				71373B462698B51C00C47182 /* LoadingIndicator.swift in Sources */,
				71A6FDEC268A09E0001094FB /* SquareCollectionViewCell.swift in Sources */,
				71D5BA5326A98E8300C573BB /* OfflineStarWarsVC.swift in Sources */,
				71E9C45C26959A23007E6B2E /* StarWarsModel.swift in Sources */,
				7116B9C42685D3070090CC74 /* SceneDelegate.swift in Sources */,
			);
			runOnlyForDeploymentPostprocessing = 0;
		};
/* End PBXSourcesBuildPhase section */

/* Begin PBXVariantGroup section */
		7116B9C72685D3070090CC74 /* Main.storyboard */ = {
			isa = PBXVariantGroup;
			children = (
				7116B9C82685D3070090CC74 /* Base */,
			);
			name = Main.storyboard;
			sourceTree = "<group>";
		};
		7116B9CC2685D3080090CC74 /* LaunchScreen.storyboard */ = {
			isa = PBXVariantGroup;
			children = (
				7116B9CD2685D3080090CC74 /* Base */,
			);
			name = LaunchScreen.storyboard;
			sourceTree = "<group>";
		};
/* End PBXVariantGroup section */

/* Begin XCBuildConfiguration section */
		7116B9D02685D3080090CC74 /* Debug */ = {
			isa = XCBuildConfiguration;
			buildSettings = {
				ALWAYS_SEARCH_USER_PATHS = NO;
				CLANG_ANALYZER_NONNULL = YES;
				CLANG_ANALYZER_NUMBER_OBJECT_CONVERSION = YES_AGGRESSIVE;
				CLANG_CXX_LANGUAGE_STANDARD = "gnu++14";
				CLANG_CXX_LIBRARY = "libc++";
				CLANG_ENABLE_MODULES = YES;
				CLANG_ENABLE_OBJC_ARC = YES;
				CLANG_ENABLE_OBJC_WEAK = YES;
				CLANG_WARN_BLOCK_CAPTURE_AUTORELEASING = YES;
				CLANG_WARN_BOOL_CONVERSION = YES;
				CLANG_WARN_COMMA = YES;
				CLANG_WARN_CONSTANT_CONVERSION = YES;
				CLANG_WARN_DEPRECATED_OBJC_IMPLEMENTATIONS = YES;
				CLANG_WARN_DIRECT_OBJC_ISA_USAGE = YES_ERROR;
				CLANG_WARN_DOCUMENTATION_COMMENTS = YES;
				CLANG_WARN_EMPTY_BODY = YES;
				CLANG_WARN_ENUM_CONVERSION = YES;
				CLANG_WARN_INFINITE_RECURSION = YES;
				CLANG_WARN_INT_CONVERSION = YES;
				CLANG_WARN_NON_LITERAL_NULL_CONVERSION = YES;
				CLANG_WARN_OBJC_IMPLICIT_RETAIN_SELF = YES;
				CLANG_WARN_OBJC_LITERAL_CONVERSION = YES;
				CLANG_WARN_OBJC_ROOT_CLASS = YES_ERROR;
				CLANG_WARN_QUOTED_INCLUDE_IN_FRAMEWORK_HEADER = YES;
				CLANG_WARN_RANGE_LOOP_ANALYSIS = YES;
				CLANG_WARN_STRICT_PROTOTYPES = YES;
				CLANG_WARN_SUSPICIOUS_MOVE = YES;
				CLANG_WARN_UNGUARDED_AVAILABILITY = YES_AGGRESSIVE;
				CLANG_WARN_UNREACHABLE_CODE = YES;
				CLANG_WARN__DUPLICATE_METHOD_MATCH = YES;
				COPY_PHASE_STRIP = NO;
				DEBUG_INFORMATION_FORMAT = dwarf;
				ENABLE_STRICT_OBJC_MSGSEND = YES;
				ENABLE_TESTABILITY = YES;
				GCC_C_LANGUAGE_STANDARD = gnu11;
				GCC_DYNAMIC_NO_PIC = NO;
				GCC_NO_COMMON_BLOCKS = YES;
				GCC_OPTIMIZATION_LEVEL = 0;
				GCC_PREPROCESSOR_DEFINITIONS = (
					"DEBUG=1",
					"$(inherited)",
				);
				GCC_WARN_64_TO_32_BIT_CONVERSION = YES;
				GCC_WARN_ABOUT_RETURN_TYPE = YES_ERROR;
				GCC_WARN_UNDECLARED_SELECTOR = YES;
				GCC_WARN_UNINITIALIZED_AUTOS = YES_AGGRESSIVE;
				GCC_WARN_UNUSED_FUNCTION = YES;
				GCC_WARN_UNUSED_VARIABLE = YES;
				IPHONEOS_DEPLOYMENT_TARGET = 14.5;
				MTL_ENABLE_DEBUG_INFO = INCLUDE_SOURCE;
				MTL_FAST_MATH = YES;
				ONLY_ACTIVE_ARCH = YES;
				SDKROOT = iphoneos;
				SWIFT_ACTIVE_COMPILATION_CONDITIONS = DEBUG;
				SWIFT_OPTIMIZATION_LEVEL = "-Onone";
			};
			name = Debug;
		};
		7116B9D12685D3080090CC74 /* Release */ = {
			isa = XCBuildConfiguration;
			buildSettings = {
				ALWAYS_SEARCH_USER_PATHS = NO;
				CLANG_ANALYZER_NONNULL = YES;
				CLANG_ANALYZER_NUMBER_OBJECT_CONVERSION = YES_AGGRESSIVE;
				CLANG_CXX_LANGUAGE_STANDARD = "gnu++14";
				CLANG_CXX_LIBRARY = "libc++";
				CLANG_ENABLE_MODULES = YES;
				CLANG_ENABLE_OBJC_ARC = YES;
				CLANG_ENABLE_OBJC_WEAK = YES;
				CLANG_WARN_BLOCK_CAPTURE_AUTORELEASING = YES;
				CLANG_WARN_BOOL_CONVERSION = YES;
				CLANG_WARN_COMMA = YES;
				CLANG_WARN_CONSTANT_CONVERSION = YES;
				CLANG_WARN_DEPRECATED_OBJC_IMPLEMENTATIONS = YES;
				CLANG_WARN_DIRECT_OBJC_ISA_USAGE = YES_ERROR;
				CLANG_WARN_DOCUMENTATION_COMMENTS = YES;
				CLANG_WARN_EMPTY_BODY = YES;
				CLANG_WARN_ENUM_CONVERSION = YES;
				CLANG_WARN_INFINITE_RECURSION = YES;
				CLANG_WARN_INT_CONVERSION = YES;
				CLANG_WARN_NON_LITERAL_NULL_CONVERSION = YES;
				CLANG_WARN_OBJC_IMPLICIT_RETAIN_SELF = YES;
				CLANG_WARN_OBJC_LITERAL_CONVERSION = YES;
				CLANG_WARN_OBJC_ROOT_CLASS = YES_ERROR;
				CLANG_WARN_QUOTED_INCLUDE_IN_FRAMEWORK_HEADER = YES;
				CLANG_WARN_RANGE_LOOP_ANALYSIS = YES;
				CLANG_WARN_STRICT_PROTOTYPES = YES;
				CLANG_WARN_SUSPICIOUS_MOVE = YES;
				CLANG_WARN_UNGUARDED_AVAILABILITY = YES_AGGRESSIVE;
				CLANG_WARN_UNREACHABLE_CODE = YES;
				CLANG_WARN__DUPLICATE_METHOD_MATCH = YES;
				COPY_PHASE_STRIP = NO;
				DEBUG_INFORMATION_FORMAT = "dwarf-with-dsym";
				ENABLE_NS_ASSERTIONS = NO;
				ENABLE_STRICT_OBJC_MSGSEND = YES;
				GCC_C_LANGUAGE_STANDARD = gnu11;
				GCC_NO_COMMON_BLOCKS = YES;
				GCC_WARN_64_TO_32_BIT_CONVERSION = YES;
				GCC_WARN_ABOUT_RETURN_TYPE = YES_ERROR;
				GCC_WARN_UNDECLARED_SELECTOR = YES;
				GCC_WARN_UNINITIALIZED_AUTOS = YES_AGGRESSIVE;
				GCC_WARN_UNUSED_FUNCTION = YES;
				GCC_WARN_UNUSED_VARIABLE = YES;
				IPHONEOS_DEPLOYMENT_TARGET = 14.5;
				MTL_ENABLE_DEBUG_INFO = NO;
				MTL_FAST_MATH = YES;
				SDKROOT = iphoneos;
				SWIFT_COMPILATION_MODE = wholemodule;
				SWIFT_OPTIMIZATION_LEVEL = "-O";
				VALIDATE_PRODUCT = YES;
			};
			name = Release;
		};
		7116B9D32685D3080090CC74 /* Debug */ = {
			isa = XCBuildConfiguration;
			baseConfigurationReference = C93EE7F36D516143A77ADE44 /* Pods-Cats.debug.xcconfig */;
			buildSettings = {
				ASSETCATALOG_COMPILER_APPICON_NAME = AppIcon;
				ASSETCATALOG_COMPILER_GLOBAL_ACCENT_COLOR_NAME = AccentColor;
				CODE_SIGN_STYLE = Automatic;
				DEVELOPMENT_TEAM = W7M89AVC54;
				INFOPLIST_FILE = Cats/Info.plist;
				LD_RUNPATH_SEARCH_PATHS = (
					"$(inherited)",
					"@executable_path/Frameworks",
				);
				PRODUCT_BUNDLE_IDENTIFIER = Sokolovskiy.Cats;
				PRODUCT_NAME = "$(TARGET_NAME)";
				SWIFT_VERSION = 5.0;
				TARGETED_DEVICE_FAMILY = "1,2";
			};
			name = Debug;
		};
		7116B9D42685D3080090CC74 /* Release */ = {
			isa = XCBuildConfiguration;
			baseConfigurationReference = 8D77201BB89A2642273675B3 /* Pods-Cats.release.xcconfig */;
			buildSettings = {
				ASSETCATALOG_COMPILER_APPICON_NAME = AppIcon;
				ASSETCATALOG_COMPILER_GLOBAL_ACCENT_COLOR_NAME = AccentColor;
				CODE_SIGN_STYLE = Automatic;
				DEVELOPMENT_TEAM = W7M89AVC54;
				INFOPLIST_FILE = Cats/Info.plist;
				LD_RUNPATH_SEARCH_PATHS = (
					"$(inherited)",
					"@executable_path/Frameworks",
				);
				PRODUCT_BUNDLE_IDENTIFIER = Sokolovskiy.Cats;
				PRODUCT_NAME = "$(TARGET_NAME)";
				SWIFT_VERSION = 5.0;
				TARGETED_DEVICE_FAMILY = "1,2";
			};
			name = Release;
		};
/* End XCBuildConfiguration section */

/* Begin XCConfigurationList section */
		7116B9B92685D3070090CC74 /* Build configuration list for PBXProject "Cats" */ = {
			isa = XCConfigurationList;
			buildConfigurations = (
				7116B9D02685D3080090CC74 /* Debug */,
				7116B9D12685D3080090CC74 /* Release */,
			);
			defaultConfigurationIsVisible = 0;
			defaultConfigurationName = Release;
		};
		7116B9D22685D3080090CC74 /* Build configuration list for PBXNativeTarget "Cats" */ = {
			isa = XCConfigurationList;
			buildConfigurations = (
				7116B9D32685D3080090CC74 /* Debug */,
				7116B9D42685D3080090CC74 /* Release */,
			);
			defaultConfigurationIsVisible = 0;
			defaultConfigurationName = Release;
		};
/* End XCConfigurationList section */

/* Begin XCVersionGroup section */
		712572B126A8943200F62CE6 /* CoreDataModel.xcdatamodeld */ = {
			isa = XCVersionGroup;
			children = (
				712572B226A8943200F62CE6 /* CoreDataModel.xcdatamodel */,
			);
			currentVersion = 712572B226A8943200F62CE6 /* CoreDataModel.xcdatamodel */;
			path = CoreDataModel.xcdatamodeld;
			sourceTree = "<group>";
			versionGroupType = wrapper.xcdatamodel;
		};
/* End XCVersionGroup section */
	};
	rootObject = 7116B9B62685D3070090CC74 /* Project object */;
}
