// !$*UTF8*$!
{
	archiveVersion = 1;
	classes = {
	};
	objectVersion = 50;
	objects = {

/* Begin PBXBuildFile section */
		7116B9C22685D3070090CC74 /* AppDelegate.swift in Sources */ = {isa = PBXBuildFile; fileRef = 7116B9C12685D3070090CC74 /* AppDelegate.swift */; };
		7116B9C42685D3070090CC74 /* SceneDelegate.swift in Sources */ = {isa = PBXBuildFile; fileRef = 7116B9C32685D3070090CC74 /* SceneDelegate.swift */; };
		7116B9C92685D3070090CC74 /* Main.storyboard in Resources */ = {isa = PBXBuildFile; fileRef = 7116B9C72685D3070090CC74 /* Main.storyboard */; };
		7116B9CB2685D3080090CC74 /* Assets.xcassets in Resources */ = {isa = PBXBuildFile; fileRef = 7116B9CA2685D3080090CC74 /* Assets.xcassets */; };
		7116B9CE2685D3080090CC74 /* LaunchScreen.storyboard in Resources */ = {isa = PBXBuildFile; fileRef = 7116B9CC2685D3080090CC74 /* LaunchScreen.storyboard */; };
		7116B9D62685D72E0090CC74 /* NetworkManager.swift in Sources */ = {isa = PBXBuildFile; fileRef = 7116B9D52685D72E0090CC74 /* NetworkManager.swift */; };
		7116B9D82685D74B0090CC74 /* CatModel.swift in Sources */ = {isa = PBXBuildFile; fileRef = 7116B9D72685D74B0090CC74 /* CatModel.swift */; };
		7116BA35268774C70090CC74 /* CollectionTableViewCell.swift in Sources */ = {isa = PBXBuildFile; fileRef = 7116BA33268774C70090CC74 /* CollectionTableViewCell.swift */; };
		7116BA36268774C70090CC74 /* CollectionTableViewCell.xib in Resources */ = {isa = PBXBuildFile; fileRef = 7116BA34268774C70090CC74 /* CollectionTableViewCell.xib */; };
		7116BA3B26877B0B0090CC74 /* MyCollectionViewCell.swift in Sources */ = {isa = PBXBuildFile; fileRef = 7116BA3926877B0B0090CC74 /* MyCollectionViewCell.swift */; };
		7116BA3C26877B0B0090CC74 /* MyCollectionViewCell.xib in Resources */ = {isa = PBXBuildFile; fileRef = 7116BA3A26877B0B0090CC74 /* MyCollectionViewCell.xib */; };
		7116BA3E2687887D0090CC74 /* CustomTableViewController.swift in Sources */ = {isa = PBXBuildFile; fileRef = 7116BA3D2687887D0090CC74 /* CustomTableViewController.swift */; };
		711B2CE4268B9E7A003C4F79 /* .gitignore in Resources */ = {isa = PBXBuildFile; fileRef = 711B2CE3268B9E7A003C4F79 /* .gitignore */; };
		71A6FDE22689EEAE001094FB /* SimpleTableViewCell.swift in Sources */ = {isa = PBXBuildFile; fileRef = 71A6FDE02689EEAE001094FB /* SimpleTableViewCell.swift */; };
		71A6FDE32689EEAE001094FB /* SimpleTableViewCell.xib in Resources */ = {isa = PBXBuildFile; fileRef = 71A6FDE12689EEAE001094FB /* SimpleTableViewCell.xib */; };
		71A6FDE72689FB20001094FB /* SquareTableViewCell.swift in Sources */ = {isa = PBXBuildFile; fileRef = 71A6FDE52689FB20001094FB /* SquareTableViewCell.swift */; };
		71A6FDE82689FB20001094FB /* SquareTableViewCell.xib in Resources */ = {isa = PBXBuildFile; fileRef = 71A6FDE62689FB20001094FB /* SquareTableViewCell.xib */; };
		71A6FDEC268A09E0001094FB /* SquareCollectionViewCell.swift in Sources */ = {isa = PBXBuildFile; fileRef = 71A6FDEA268A09E0001094FB /* SquareCollectionViewCell.swift */; };
		71A6FDED268A09E0001094FB /* SquareCollectionViewCell.xib in Resources */ = {isa = PBXBuildFile; fileRef = 71A6FDEB268A09E0001094FB /* SquareCollectionViewCell.xib */; };
/* End PBXBuildFile section */

/* Begin PBXFileReference section */
		7116B9BE2685D3070090CC74 /* Cats.app */ = {isa = PBXFileReference; explicitFileType = wrapper.application; includeInIndex = 0; path = Cats.app; sourceTree = BUILT_PRODUCTS_DIR; };
		7116B9C12685D3070090CC74 /* AppDelegate.swift */ = {isa = PBXFileReference; lastKnownFileType = sourcecode.swift; path = AppDelegate.swift; sourceTree = "<group>"; };
		7116B9C32685D3070090CC74 /* SceneDelegate.swift */ = {isa = PBXFileReference; lastKnownFileType = sourcecode.swift; path = SceneDelegate.swift; sourceTree = "<group>"; };
		7116B9C82685D3070090CC74 /* Base */ = {isa = PBXFileReference; lastKnownFileType = file.storyboard; name = Base; path = Base.lproj/Main.storyboard; sourceTree = "<group>"; };
		7116B9CA2685D3080090CC74 /* Assets.xcassets */ = {isa = PBXFileReference; lastKnownFileType = folder.assetcatalog; path = Assets.xcassets; sourceTree = "<group>"; };
		7116B9CD2685D3080090CC74 /* Base */ = {isa = PBXFileReference; lastKnownFileType = file.storyboard; name = Base; path = Base.lproj/LaunchScreen.storyboard; sourceTree = "<group>"; };
		7116B9CF2685D3080090CC74 /* Info.plist */ = {isa = PBXFileReference; lastKnownFileType = text.plist.xml; path = Info.plist; sourceTree = "<group>"; };
		7116B9D52685D72E0090CC74 /* NetworkManager.swift */ = {isa = PBXFileReference; lastKnownFileType = sourcecode.swift; path = NetworkManager.swift; sourceTree = "<group>"; };
		7116B9D72685D74B0090CC74 /* CatModel.swift */ = {isa = PBXFileReference; lastKnownFileType = sourcecode.swift; path = CatModel.swift; sourceTree = "<group>"; };
		7116BA33268774C70090CC74 /* CollectionTableViewCell.swift */ = {isa = PBXFileReference; lastKnownFileType = sourcecode.swift; path = CollectionTableViewCell.swift; sourceTree = "<group>"; };
		7116BA34268774C70090CC74 /* CollectionTableViewCell.xib */ = {isa = PBXFileReference; lastKnownFileType = file.xib; path = CollectionTableViewCell.xib; sourceTree = "<group>"; };
		7116BA3926877B0B0090CC74 /* MyCollectionViewCell.swift */ = {isa = PBXFileReference; lastKnownFileType = sourcecode.swift; path = MyCollectionViewCell.swift; sourceTree = "<group>"; };
		7116BA3A26877B0B0090CC74 /* MyCollectionViewCell.xib */ = {isa = PBXFileReference; lastKnownFileType = file.xib; path = MyCollectionViewCell.xib; sourceTree = "<group>"; };
		7116BA3D2687887D0090CC74 /* CustomTableViewController.swift */ = {isa = PBXFileReference; lastKnownFileType = sourcecode.swift; path = CustomTableViewController.swift; sourceTree = "<group>"; };
		711B2CE3268B9E7A003C4F79 /* .gitignore */ = {isa = PBXFileReference; fileEncoding = 4; lastKnownFileType = text; path = .gitignore; sourceTree = "<group>"; };
		71A6FDE02689EEAE001094FB /* SimpleTableViewCell.swift */ = {isa = PBXFileReference; lastKnownFileType = sourcecode.swift; path = SimpleTableViewCell.swift; sourceTree = "<group>"; };
		71A6FDE12689EEAE001094FB /* SimpleTableViewCell.xib */ = {isa = PBXFileReference; lastKnownFileType = file.xib; path = SimpleTableViewCell.xib; sourceTree = "<group>"; };
		71A6FDE52689FB20001094FB /* SquareTableViewCell.swift */ = {isa = PBXFileReference; lastKnownFileType = sourcecode.swift; path = SquareTableViewCell.swift; sourceTree = "<group>"; };
		71A6FDE62689FB20001094FB /* SquareTableViewCell.xib */ = {isa = PBXFileReference; lastKnownFileType = file.xib; path = SquareTableViewCell.xib; sourceTree = "<group>"; };
		71A6FDEA268A09E0001094FB /* SquareCollectionViewCell.swift */ = {isa = PBXFileReference; lastKnownFileType = sourcecode.swift; path = SquareCollectionViewCell.swift; sourceTree = "<group>"; };
		71A6FDEB268A09E0001094FB /* SquareCollectionViewCell.xib */ = {isa = PBXFileReference; lastKnownFileType = file.xib; path = SquareCollectionViewCell.xib; sourceTree = "<group>"; };
/* End PBXFileReference section */

/* Begin PBXFrameworksBuildPhase section */
		7116B9BB2685D3070090CC74 /* Frameworks */ = {
			isa = PBXFrameworksBuildPhase;
			buildActionMask = 2147483647;
			files = (
			);
			runOnlyForDeploymentPostprocessing = 0;
		};
/* End PBXFrameworksBuildPhase section */

/* Begin PBXGroup section */
		7116B9B52685D3070090CC74 = {
			isa = PBXGroup;
			children = (
				711B2CE3268B9E7A003C4F79 /* .gitignore */,
				7116B9C02685D3070090CC74 /* Cats */,
				7116B9BF2685D3070090CC74 /* Products */,
			);
			sourceTree = "<group>";
		};
		7116B9BF2685D3070090CC74 /* Products */ = {
			isa = PBXGroup;
			children = (
				7116B9BE2685D3070090CC74 /* Cats.app */,
			);
			name = Products;
			sourceTree = "<group>";
		};
		7116B9C02685D3070090CC74 /* Cats */ = {
			isa = PBXGroup;
			children = (
				71A6FDE42689FAF7001094FB /* Square Table Cell */,
				71A6FDDF2689EE79001094FB /* Simple Table Cell */,
				7116B9C12685D3070090CC74 /* AppDelegate.swift */,
				7116B9C32685D3070090CC74 /* SceneDelegate.swift */,
				7116B9C72685D3070090CC74 /* Main.storyboard */,
				7116BA3D2687887D0090CC74 /* CustomTableViewController.swift */,
				7116BA37268774D30090CC74 /* Horizontal Scroll Table Cell */,
				7116B9D52685D72E0090CC74 /* NetworkManager.swift */,
				7116B9D72685D74B0090CC74 /* CatModel.swift */,
				7116B9CA2685D3080090CC74 /* Assets.xcassets */,
				7116B9CC2685D3080090CC74 /* LaunchScreen.storyboard */,
				7116B9CF2685D3080090CC74 /* Info.plist */,
			);
			path = Cats;
			sourceTree = "<group>";
		};
		7116BA37268774D30090CC74 /* Horizontal Scroll Table Cell */ = {
			isa = PBXGroup;
			children = (
				7116BA33268774C70090CC74 /* CollectionTableViewCell.swift */,
				7116BA34268774C70090CC74 /* CollectionTableViewCell.xib */,
				7116BA3826877AEB0090CC74 /* Collection Cell */,
			);
			path = "Horizontal Scroll Table Cell";
			sourceTree = "<group>";
		};
		7116BA3826877AEB0090CC74 /* Collection Cell */ = {
			isa = PBXGroup;
			children = (
				7116BA3926877B0B0090CC74 /* MyCollectionViewCell.swift */,
				7116BA3A26877B0B0090CC74 /* MyCollectionViewCell.xib */,
			);
			path = "Collection Cell";
			sourceTree = "<group>";
		};
		71A6FDDF2689EE79001094FB /* Simple Table Cell */ = {
			isa = PBXGroup;
			children = (
				71A6FDE02689EEAE001094FB /* SimpleTableViewCell.swift */,
				71A6FDE12689EEAE001094FB /* SimpleTableViewCell.xib */,
			);
			path = "Simple Table Cell";
			sourceTree = "<group>";
		};
		71A6FDE42689FAF7001094FB /* Square Table Cell */ = {
			isa = PBXGroup;
			children = (
				71A6FDE52689FB20001094FB /* SquareTableViewCell.swift */,
				71A6FDE62689FB20001094FB /* SquareTableViewCell.xib */,
				71A6FDE9268A0388001094FB /* SquareCollectionCell */,
			);
			path = "Square Table Cell";
			sourceTree = "<group>";
		};
		71A6FDE9268A0388001094FB /* SquareCollectionCell */ = {
			isa = PBXGroup;
			children = (
				71A6FDEA268A09E0001094FB /* SquareCollectionViewCell.swift */,
				71A6FDEB268A09E0001094FB /* SquareCollectionViewCell.xib */,
			);
			path = SquareCollectionCell;
			sourceTree = "<group>";
		};
/* End PBXGroup section */

/* Begin PBXNativeTarget section */
		7116B9BD2685D3070090CC74 /* Cats */ = {
			isa = PBXNativeTarget;
			buildConfigurationList = 7116B9D22685D3080090CC74 /* Build configuration list for PBXNativeTarget "Cats" */;
			buildPhases = (
				7116B9BA2685D3070090CC74 /* Sources */,
				7116B9BB2685D3070090CC74 /* Frameworks */,
				7116B9BC2685D3070090CC74 /* Resources */,
			);
			buildRules = (
			);
			dependencies = (
			);
			name = Cats;
			productName = Cats;
			productReference = 7116B9BE2685D3070090CC74 /* Cats.app */;
			productType = "com.apple.product-type.application";
		};
/* End PBXNativeTarget section */

/* Begin PBXProject section */
		7116B9B62685D3070090CC74 /* Project object */ = {
			isa = PBXProject;
			attributes = {
				LastSwiftUpdateCheck = 1250;
				LastUpgradeCheck = 1250;
				TargetAttributes = {
					7116B9BD2685D3070090CC74 = {
						CreatedOnToolsVersion = 12.5;
					};
				};
			};
			buildConfigurationList = 7116B9B92685D3070090CC74 /* Build configuration list for PBXProject "Cats" */;
			compatibilityVersion = "Xcode 9.3";
			developmentRegion = en;
			hasScannedForEncodings = 0;
			knownRegions = (
				en,
				Base,
			);
			mainGroup = 7116B9B52685D3070090CC74;
			productRefGroup = 7116B9BF2685D3070090CC74 /* Products */;
			projectDirPath = "";
			projectRoot = "";
			targets = (
				7116B9BD2685D3070090CC74 /* Cats */,
			);
		};
/* End PBXProject section */

/* Begin PBXResourcesBuildPhase section */
		7116B9BC2685D3070090CC74 /* Resources */ = {
			isa = PBXResourcesBuildPhase;
			buildActionMask = 2147483647;
			files = (
				7116BA3C26877B0B0090CC74 /* MyCollectionViewCell.xib in Resources */,
				7116B9CE2685D3080090CC74 /* LaunchScreen.storyboard in Resources */,
				7116B9CB2685D3080090CC74 /* Assets.xcassets in Resources */,
				71A6FDE82689FB20001094FB /* SquareTableViewCell.xib in Resources */,
				7116B9C92685D3070090CC74 /* Main.storyboard in Resources */,
				71A6FDED268A09E0001094FB /* SquareCollectionViewCell.xib in Resources */,
				7116BA36268774C70090CC74 /* CollectionTableViewCell.xib in Resources */,
				711B2CE4268B9E7A003C4F79 /* .gitignore in Resources */,
				71A6FDE32689EEAE001094FB /* SimpleTableViewCell.xib in Resources */,
			);
			runOnlyForDeploymentPostprocessing = 0;
		};
/* End PBXResourcesBuildPhase section */

/* Begin PBXSourcesBuildPhase section */
		7116B9BA2685D3070090CC74 /* Sources */ = {
			isa = PBXSourcesBuildPhase;
			buildActionMask = 2147483647;
			files = (
				7116BA3E2687887D0090CC74 /* CustomTableViewController.swift in Sources */,
				7116B9D62685D72E0090CC74 /* NetworkManager.swift in Sources */,
				7116BA3B26877B0B0090CC74 /* MyCollectionViewCell.swift in Sources */,
				7116BA35268774C70090CC74 /* CollectionTableViewCell.swift in Sources */,
				7116B9C22685D3070090CC74 /* AppDelegate.swift in Sources */,
				7116B9D82685D74B0090CC74 /* CatModel.swift in Sources */,
				71A6FDE22689EEAE001094FB /* SimpleTableViewCell.swift in Sources */,
				71A6FDE72689FB20001094FB /* SquareTableViewCell.swift in Sources */,
				71A6FDEC268A09E0001094FB /* SquareCollectionViewCell.swift in Sources */,
				7116B9C42685D3070090CC74 /* SceneDelegate.swift in Sources */,
			);
			runOnlyForDeploymentPostprocessing = 0;
		};
/* End PBXSourcesBuildPhase section */

/* Begin PBXVariantGroup section */
		7116B9C72685D3070090CC74 /* Main.storyboard */ = {
			isa = PBXVariantGroup;
			children = (
				7116B9C82685D3070090CC74 /* Base */,
			);
			name = Main.storyboard;
			sourceTree = "<group>";
		};
		7116B9CC2685D3080090CC74 /* LaunchScreen.storyboard */ = {
			isa = PBXVariantGroup;
			children = (
				7116B9CD2685D3080090CC74 /* Base */,
			);
			name = LaunchScreen.storyboard;
			sourceTree = "<group>";
		};
/* End PBXVariantGroup section */

/* Begin XCBuildConfiguration section */
		7116B9D02685D3080090CC74 /* Debug */ = {
			isa = XCBuildConfiguration;
			buildSettings = {
				ALWAYS_SEARCH_USER_PATHS = NO;
				CLANG_ANALYZER_NONNULL = YES;
				CLANG_ANALYZER_NUMBER_OBJECT_CONVERSION = YES_AGGRESSIVE;
				CLANG_CXX_LANGUAGE_STANDARD = "gnu++14";
				CLANG_CXX_LIBRARY = "libc++";
				CLANG_ENABLE_MODULES = YES;
				CLANG_ENABLE_OBJC_ARC = YES;
				CLANG_ENABLE_OBJC_WEAK = YES;
				CLANG_WARN_BLOCK_CAPTURE_AUTORELEASING = YES;
				CLANG_WARN_BOOL_CONVERSION = YES;
				CLANG_WARN_COMMA = YES;
				CLANG_WARN_CONSTANT_CONVERSION = YES;
				CLANG_WARN_DEPRECATED_OBJC_IMPLEMENTATIONS = YES;
				CLANG_WARN_DIRECT_OBJC_ISA_USAGE = YES_ERROR;
				CLANG_WARN_DOCUMENTATION_COMMENTS = YES;
				CLANG_WARN_EMPTY_BODY = YES;
				CLANG_WARN_ENUM_CONVERSION = YES;
				CLANG_WARN_INFINITE_RECURSION = YES;
				CLANG_WARN_INT_CONVERSION = YES;
				CLANG_WARN_NON_LITERAL_NULL_CONVERSION = YES;
				CLANG_WARN_OBJC_IMPLICIT_RETAIN_SELF = YES;
				CLANG_WARN_OBJC_LITERAL_CONVERSION = YES;
				CLANG_WARN_OBJC_ROOT_CLASS = YES_ERROR;
				CLANG_WARN_QUOTED_INCLUDE_IN_FRAMEWORK_HEADER = YES;
				CLANG_WARN_RANGE_LOOP_ANALYSIS = YES;
				CLANG_WARN_STRICT_PROTOTYPES = YES;
				CLANG_WARN_SUSPICIOUS_MOVE = YES;
				CLANG_WARN_UNGUARDED_AVAILABILITY = YES_AGGRESSIVE;
				CLANG_WARN_UNREACHABLE_CODE = YES;
				CLANG_WARN__DUPLICATE_METHOD_MATCH = YES;
				COPY_PHASE_STRIP = NO;
				DEBUG_INFORMATION_FORMAT = dwarf;
				ENABLE_STRICT_OBJC_MSGSEND = YES;
				ENABLE_TESTABILITY = YES;
				GCC_C_LANGUAGE_STANDARD = gnu11;
				GCC_DYNAMIC_NO_PIC = NO;
				GCC_NO_COMMON_BLOCKS = YES;
				GCC_OPTIMIZATION_LEVEL = 0;
				GCC_PREPROCESSOR_DEFINITIONS = (
					"DEBUG=1",
					"$(inherited)",
				);
				GCC_WARN_64_TO_32_BIT_CONVERSION = YES;
				GCC_WARN_ABOUT_RETURN_TYPE = YES_ERROR;
				GCC_WARN_UNDECLARED_SELECTOR = YES;
				GCC_WARN_UNINITIALIZED_AUTOS = YES_AGGRESSIVE;
				GCC_WARN_UNUSED_FUNCTION = YES;
				GCC_WARN_UNUSED_VARIABLE = YES;
				IPHONEOS_DEPLOYMENT_TARGET = 14.5;
				MTL_ENABLE_DEBUG_INFO = INCLUDE_SOURCE;
				MTL_FAST_MATH = YES;
				ONLY_ACTIVE_ARCH = YES;
				SDKROOT = iphoneos;
				SWIFT_ACTIVE_COMPILATION_CONDITIONS = DEBUG;
				SWIFT_OPTIMIZATION_LEVEL = "-Onone";
			};
			name = Debug;
		};
		7116B9D12685D3080090CC74 /* Release */ = {
			isa = XCBuildConfiguration;
			buildSettings = {
				ALWAYS_SEARCH_USER_PATHS = NO;
				CLANG_ANALYZER_NONNULL = YES;
				CLANG_ANALYZER_NUMBER_OBJECT_CONVERSION = YES_AGGRESSIVE;
				CLANG_CXX_LANGUAGE_STANDARD = "gnu++14";
				CLANG_CXX_LIBRARY = "libc++";
				CLANG_ENABLE_MODULES = YES;
				CLANG_ENABLE_OBJC_ARC = YES;
				CLANG_ENABLE_OBJC_WEAK = YES;
				CLANG_WARN_BLOCK_CAPTURE_AUTORELEASING = YES;
				CLANG_WARN_BOOL_CONVERSION = YES;
				CLANG_WARN_COMMA = YES;
				CLANG_WARN_CONSTANT_CONVERSION = YES;
				CLANG_WARN_DEPRECATED_OBJC_IMPLEMENTATIONS = YES;
				CLANG_WARN_DIRECT_OBJC_ISA_USAGE = YES_ERROR;
				CLANG_WARN_DOCUMENTATION_COMMENTS = YES;
				CLANG_WARN_EMPTY_BODY = YES;
				CLANG_WARN_ENUM_CONVERSION = YES;
				CLANG_WARN_INFINITE_RECURSION = YES;
				CLANG_WARN_INT_CONVERSION = YES;
				CLANG_WARN_NON_LITERAL_NULL_CONVERSION = YES;
				CLANG_WARN_OBJC_IMPLICIT_RETAIN_SELF = YES;
				CLANG_WARN_OBJC_LITERAL_CONVERSION = YES;
				CLANG_WARN_OBJC_ROOT_CLASS = YES_ERROR;
				CLANG_WARN_QUOTED_INCLUDE_IN_FRAMEWORK_HEADER = YES;
				CLANG_WARN_RANGE_LOOP_ANALYSIS = YES;
				CLANG_WARN_STRICT_PROTOTYPES = YES;
				CLANG_WARN_SUSPICIOUS_MOVE = YES;
				CLANG_WARN_UNGUARDED_AVAILABILITY = YES_AGGRESSIVE;
				CLANG_WARN_UNREACHABLE_CODE = YES;
				CLANG_WARN__DUPLICATE_METHOD_MATCH = YES;
				COPY_PHASE_STRIP = NO;
				DEBUG_INFORMATION_FORMAT = "dwarf-with-dsym";
				ENABLE_NS_ASSERTIONS = NO;
				ENABLE_STRICT_OBJC_MSGSEND = YES;
				GCC_C_LANGUAGE_STANDARD = gnu11;
				GCC_NO_COMMON_BLOCKS = YES;
				GCC_WARN_64_TO_32_BIT_CONVERSION = YES;
				GCC_WARN_ABOUT_RETURN_TYPE = YES_ERROR;
				GCC_WARN_UNDECLARED_SELECTOR = YES;
				GCC_WARN_UNINITIALIZED_AUTOS = YES_AGGRESSIVE;
				GCC_WARN_UNUSED_FUNCTION = YES;
				GCC_WARN_UNUSED_VARIABLE = YES;
				IPHONEOS_DEPLOYMENT_TARGET = 14.5;
				MTL_ENABLE_DEBUG_INFO = NO;
				MTL_FAST_MATH = YES;
				SDKROOT = iphoneos;
				SWIFT_COMPILATION_MODE = wholemodule;
				SWIFT_OPTIMIZATION_LEVEL = "-O";
				VALIDATE_PRODUCT = YES;
			};
			name = Release;
		};
		7116B9D32685D3080090CC74 /* Debug */ = {
			isa = XCBuildConfiguration;
			buildSettings = {
				ASSETCATALOG_COMPILER_APPICON_NAME = AppIcon;
				ASSETCATALOG_COMPILER_GLOBAL_ACCENT_COLOR_NAME = AccentColor;
				CODE_SIGN_STYLE = Automatic;
				DEVELOPMENT_TEAM = W7M89AVC54;
				INFOPLIST_FILE = Cats/Info.plist;
				LD_RUNPATH_SEARCH_PATHS = (
					"$(inherited)",
					"@executable_path/Frameworks",
				);
				PRODUCT_BUNDLE_IDENTIFIER = Sokolovskiy.Cats;
				PRODUCT_NAME = "$(TARGET_NAME)";
				SWIFT_VERSION = 5.0;
				TARGETED_DEVICE_FAMILY = "1,2";
			};
			name = Debug;
		};
		7116B9D42685D3080090CC74 /* Release */ = {
			isa = XCBuildConfiguration;
			buildSettings = {
				ASSETCATALOG_COMPILER_APPICON_NAME = AppIcon;
				ASSETCATALOG_COMPILER_GLOBAL_ACCENT_COLOR_NAME = AccentColor;
				CODE_SIGN_STYLE = Automatic;
				DEVELOPMENT_TEAM = W7M89AVC54;
				INFOPLIST_FILE = Cats/Info.plist;
				LD_RUNPATH_SEARCH_PATHS = (
					"$(inherited)",
					"@executable_path/Frameworks",
				);
				PRODUCT_BUNDLE_IDENTIFIER = Sokolovskiy.Cats;
				PRODUCT_NAME = "$(TARGET_NAME)";
				SWIFT_VERSION = 5.0;
				TARGETED_DEVICE_FAMILY = "1,2";
			};
			name = Release;
		};
/* End XCBuildConfiguration section */

/* Begin XCConfigurationList section */
		7116B9B92685D3070090CC74 /* Build configuration list for PBXProject "Cats" */ = {
			isa = XCConfigurationList;
			buildConfigurations = (
				7116B9D02685D3080090CC74 /* Debug */,
				7116B9D12685D3080090CC74 /* Release */,
			);
			defaultConfigurationIsVisible = 0;
			defaultConfigurationName = Release;
		};
		7116B9D22685D3080090CC74 /* Build configuration list for PBXNativeTarget "Cats" */ = {
			isa = XCConfigurationList;
			buildConfigurations = (
				7116B9D32685D3080090CC74 /* Debug */,
				7116B9D42685D3080090CC74 /* Release */,
			);
			defaultConfigurationIsVisible = 0;
			defaultConfigurationName = Release;
		};
/* End XCConfigurationList section */
	};
	rootObject = 7116B9B62685D3070090CC74 /* Project object */;
}
